
Microsoft Visual Studio Solution File, Format Version 12.00
# Visual Studio 2013
Project("{FAE04EC0-301F-11D3-BF4B-00C04F79EFBC}") = "Sample2D_Proj.CSharp", "Sample2D_Proj.CSharp.csproj", "{CE313F85-801A-0F81-07E2-C37D936A7DDC}"
EndProject
Global
	GlobalSection(SolutionConfigurationPlatforms) = preSolution
		Debug|Any CPU = Debug|Any CPU
		Release|Any CPU = Release|Any CPU
	EndGlobalSection
	GlobalSection(ProjectConfigurationPlatforms) = postSolution
		{CE313F85-801A-0F81-07E2-C37D936A7DDC}.Debug|Any CPU.ActiveCfg = Debug|Any CPU
		{CE313F85-801A-0F81-07E2-C37D936A7DDC}.Debug|Any CPU.Build.0 = Debug|Any CPU
		{CE313F85-801A-0F81-07E2-C37D936A7DDC}.Release|Any CPU.ActiveCfg = Release|Any CPU
		{CE313F85-801A-0F81-07E2-C37D936A7DDC}.Release|Any CPU.Build.0 = Release|Any CPU
	EndGlobalSection
	GlobalSection(SolutionProperties) = preSolution
		HideSolutionNode = FALSE
	EndGlobalSection
EndGlobal
